// !$*UTF8*$!
{
	archiveVersion = 1;
	classes = {
	};
	objectVersion = 50;
	objects = {

/* Begin PBXBuildFile section */
		059ECB5F252D37A1006AAA8B /* AppDelegate.swift in Sources */ = {isa = PBXBuildFile; fileRef = 059ECB5E252D37A1006AAA8B /* AppDelegate.swift */; };
		059ECB61252D37A1006AAA8B /* SceneDelegate.swift in Sources */ = {isa = PBXBuildFile; fileRef = 059ECB60252D37A1006AAA8B /* SceneDelegate.swift */; };
		059ECB63252D37A1006AAA8B /* ViewController.swift in Sources */ = {isa = PBXBuildFile; fileRef = 059ECB62252D37A1006AAA8B /* ViewController.swift */; };
		059ECB66252D37A1006AAA8B /* Main.storyboard in Resources */ = {isa = PBXBuildFile; fileRef = 059ECB64252D37A1006AAA8B /* Main.storyboard */; };
		059ECB68252D37A2006AAA8B /* Assets.xcassets in Resources */ = {isa = PBXBuildFile; fileRef = 059ECB67252D37A2006AAA8B /* Assets.xcassets */; };
		059ECB6B252D37A2006AAA8B /* LaunchScreen.storyboard in Resources */ = {isa = PBXBuildFile; fileRef = 059ECB69252D37A2006AAA8B /* LaunchScreen.storyboard */; };
		059ECB73252D397B006AAA8B /* TableViewController.swift in Sources */ = {isa = PBXBuildFile; fileRef = 059ECB72252D397B006AAA8B /* TableViewController.swift */; };
/* End PBXBuildFile section */

/* Begin PBXFileReference section */
		059ECB5B252D37A1006AAA8B /* A01194199_MR2.app */ = {isa = PBXFileReference; explicitFileType = wrapper.application; includeInIndex = 0; path = A01194199_MR2.app; sourceTree = BUILT_PRODUCTS_DIR; };
		059ECB5E252D37A1006AAA8B /* AppDelegate.swift */ = {isa = PBXFileReference; lastKnownFileType = sourcecode.swift; path = AppDelegate.swift; sourceTree = "<group>"; };
		059ECB60252D37A1006AAA8B /* SceneDelegate.swift */ = {isa = PBXFileReference; lastKnownFileType = sourcecode.swift; path = SceneDelegate.swift; sourceTree = "<group>"; };
		059ECB62252D37A1006AAA8B /* ViewController.swift */ = {isa = PBXFileReference; lastKnownFileType = sourcecode.swift; path = ViewController.swift; sourceTree = "<group>"; };
		059ECB65252D37A1006AAA8B /* Base */ = {isa = PBXFileReference; lastKnownFileType = file.storyboard; name = Base; path = Base.lproj/Main.storyboard; sourceTree = "<group>"; };
		059ECB67252D37A2006AAA8B /* Assets.xcassets */ = {isa = PBXFileReference; lastKnownFileType = folder.assetcatalog; path = Assets.xcassets; sourceTree = "<group>"; };
		059ECB6A252D37A2006AAA8B /* Base */ = {isa = PBXFileReference; lastKnownFileType = file.storyboard; name = Base; path = Base.lproj/LaunchScreen.storyboard; sourceTree = "<group>"; };
		059ECB6C252D37A2006AAA8B /* Info.plist */ = {isa = PBXFileReference; lastKnownFileType = text.plist.xml; path = Info.plist; sourceTree = "<group>"; };
		059ECB72252D397B006AAA8B /* TableViewController.swift */ = {isa = PBXFileReference; lastKnownFileType = sourcecode.swift; path = TableViewController.swift; sourceTree = "<group>"; };
/* End PBXFileReference section */

/* Begin PBXFrameworksBuildPhase section */
		059ECB58252D37A1006AAA8B /* Frameworks */ = {
			isa = PBXFrameworksBuildPhase;
			buildActionMask = 2147483647;
			files = (
			);
			runOnlyForDeploymentPostprocessing = 0;
		};
/* End PBXFrameworksBuildPhase section */

/* Begin PBXGroup section */
		059ECB52252D37A1006AAA8B = {
			isa = PBXGroup;
			children = (
				059ECB5D252D37A1006AAA8B /* A01194199_MR2 */,
				059ECB5C252D37A1006AAA8B /* Products */,
			);
			sourceTree = "<group>";
		};
		059ECB5C252D37A1006AAA8B /* Products */ = {
			isa = PBXGroup;
			children = (
				059ECB5B252D37A1006AAA8B /* A01194199_MR2.app */,
			);
			name = Products;
			sourceTree = "<group>";
		};
		059ECB5D252D37A1006AAA8B /* A01194199_MR2 */ = {
			isa = PBXGroup;
			children = (
				059ECB5E252D37A1006AAA8B /* AppDelegate.swift */,
				059ECB60252D37A1006AAA8B /* SceneDelegate.swift */,
				059ECB62252D37A1006AAA8B /* ViewController.swift */,
				059ECB64252D37A1006AAA8B /* Main.storyboard */,
				059ECB72252D397B006AAA8B /* TableViewController.swift */,
				059ECB67252D37A2006AAA8B /* Assets.xcassets */,
				059ECB69252D37A2006AAA8B /* LaunchScreen.storyboard */,
				059ECB6C252D37A2006AAA8B /* Info.plist */,
			);
			path = A01194199_MR2;
			sourceTree = "<group>";
		};
/* End PBXGroup section */

/* Begin PBXNativeTarget section */
		059ECB5A252D37A1006AAA8B /* A01194199_MR2 */ = {
			isa = PBXNativeTarget;
			buildConfigurationList = 059ECB6F252D37A2006AAA8B /* Build configuration list for PBXNativeTarget "A01194199_MR2" */;
			buildPhases = (
				059ECB57252D37A1006AAA8B /* Sources */,
				059ECB58252D37A1006AAA8B /* Frameworks */,
				059ECB59252D37A1006AAA8B /* Resources */,
			);
			buildRules = (
			);
			dependencies = (
			);
			name = A01194199_MR2;
			productName = A01194199_MR2;
			productReference = 059ECB5B252D37A1006AAA8B /* A01194199_MR2.app */;
			productType = "com.apple.product-type.application";
		};
/* End PBXNativeTarget section */

/* Begin PBXProject section */
		059ECB53252D37A1006AAA8B /* Project object */ = {
			isa = PBXProject;
			attributes = {
				LastSwiftUpdateCheck = 1170;
				LastUpgradeCheck = 1170;
				ORGANIZATIONNAME = luciacantumiller;
				TargetAttributes = {
					059ECB5A252D37A1006AAA8B = {
						CreatedOnToolsVersion = 11.7;
					};
				};
			};
			buildConfigurationList = 059ECB56252D37A1006AAA8B /* Build configuration list for PBXProject "A01194199_MR2" */;
			compatibilityVersion = "Xcode 9.3";
			developmentRegion = en;
			hasScannedForEncodings = 0;
			knownRegions = (
				en,
				Base,
			);
			mainGroup = 059ECB52252D37A1006AAA8B;
			productRefGroup = 059ECB5C252D37A1006AAA8B /* Products */;
			projectDirPath = "";
			projectRoot = "";
			targets = (
				059ECB5A252D37A1006AAA8B /* A01194199_MR2 */,
			);
		};
/* End PBXProject section */

/* Begin PBXResourcesBuildPhase section */
		059ECB59252D37A1006AAA8B /* Resources */ = {
			isa = PBXResourcesBuildPhase;
			buildActionMask = 2147483647;
			files = (
				059ECB6B252D37A2006AAA8B /* LaunchScreen.storyboard in Resources */,
				059ECB68252D37A2006AAA8B /* Assets.xcassets in Resources */,
				059ECB66252D37A1006AAA8B /* Main.storyboard in Resources */,
			);
			runOnlyForDeploymentPostprocessing = 0;
		};
/* End PBXResourcesBuildPhase section */

/* Begin PBXSourcesBuildPhase section */
		059ECB57252D37A1006AAA8B /* Sources */ = {
			isa = PBXSourcesBuildPhase;
			buildActionMask = 2147483647;
			files = (
				059ECB63252D37A1006AAA8B /* ViewController.swift in Sources */,
				059ECB5F252D37A1006AAA8B /* AppDelegate.swift in Sources */,
				059ECB61252D37A1006AAA8B /* SceneDelegate.swift in Sources */,
				059ECB73252D397B006AAA8B /* TableViewController.swift in Sources */,
			);
			runOnlyForDeploymentPostprocessing = 0;
		};
/* End PBXSourcesBuildPhase section */

/* Begin PBXVariantGroup section */
		059ECB64252D37A1006AAA8B /* Main.storyboard */ = {
			isa = PBXVariantGroup;
			children = (
				059ECB65252D37A1006AAA8B /* Base */,
			);
			name = Main.storyboard;
			sourceTree = "<group>";
		};
		059ECB69252D37A2006AAA8B /* LaunchScreen.storyboard */ = {
			isa = PBXVariantGroup;
			children = (
				059ECB6A252D37A2006AAA8B /* Base */,
			);
			name = LaunchScreen.storyboard;
			sourceTree = "<group>";
		};
/* End PBXVariantGroup section */

/* Begin XCBuildConfiguration section */
		059ECB6D252D37A2006AAA8B /* Debug */ = {
			isa = XCBuildConfiguration;
			buildSettings = {
				ALWAYS_SEARCH_USER_PATHS = NO;
				CLANG_ANALYZER_NONNULL = YES;
				CLANG_ANALYZER_NUMBER_OBJECT_CONVERSION = YES_AGGRESSIVE;
				CLANG_CXX_LANGUAGE_STANDARD = "gnu++14";
				CLANG_CXX_LIBRARY = "libc++";
				CLANG_ENABLE_MODULES = YES;
				CLANG_ENABLE_OBJC_ARC = YES;
				CLANG_ENABLE_OBJC_WEAK = YES;
				CLANG_WARN_BLOCK_CAPTURE_AUTORELEASING = YES;
				CLANG_WARN_BOOL_CONVERSION = YES;
				CLANG_WARN_COMMA = YES;
				CLANG_WARN_CONSTANT_CONVERSION = YES;
				CLANG_WARN_DEPRECATED_OBJC_IMPLEMENTATIONS = YES;
				CLANG_WARN_DIRECT_OBJC_ISA_USAGE = YES_ERROR;
				CLANG_WARN_DOCUMENTATION_COMMENTS = YES;
				CLANG_WARN_EMPTY_BODY = YES;
				CLANG_WARN_ENUM_CONVERSION = YES;
				CLANG_WARN_INFINITE_RECURSION = YES;
				CLANG_WARN_INT_CONVERSION = YES;
				CLANG_WARN_NON_LITERAL_NULL_CONVERSION = YES;
				CLANG_WARN_OBJC_IMPLICIT_RETAIN_SELF = YES;
				CLANG_WARN_OBJC_LITERAL_CONVERSION = YES;
				CLANG_WARN_OBJC_ROOT_CLASS = YES_ERROR;
				CLANG_WARN_RANGE_LOOP_ANALYSIS = YES;
				CLANG_WARN_STRICT_PROTOTYPES = YES;
				CLANG_WARN_SUSPICIOUS_MOVE = YES;
				CLANG_WARN_UNGUARDED_AVAILABILITY = YES_AGGRESSIVE;
				CLANG_WARN_UNREACHABLE_CODE = YES;
				CLANG_WARN__DUPLICATE_METHOD_MATCH = YES;
				COPY_PHASE_STRIP = NO;
				DEBUG_INFORMATION_FORMAT = dwarf;
				ENABLE_STRICT_OBJC_MSGSEND = YES;
				ENABLE_TESTABILITY = YES;
				GCC_C_LANGUAGE_STANDARD = gnu11;
				GCC_DYNAMIC_NO_PIC = NO;
				GCC_NO_COMMON_BLOCKS = YES;
				GCC_OPTIMIZATION_LEVEL = 0;
				GCC_PREPROCESSOR_DEFINITIONS = (
					"DEBUG=1",
					"$(inherited)",
				);
				GCC_WARN_64_TO_32_BIT_CONVERSION = YES;
				GCC_WARN_ABOUT_RETURN_TYPE = YES_ERROR;
				GCC_WARN_UNDECLARED_SELECTOR = YES;
				GCC_WARN_UNINITIALIZED_AUTOS = YES_AGGRESSIVE;
				GCC_WARN_UNUSED_FUNCTION = YES;
				GCC_WARN_UNUSED_VARIABLE = YES;
				IPHONEOS_DEPLOYMENT_TARGET = 13.7;
				MTL_ENABLE_DEBUG_INFO = INCLUDE_SOURCE;
				MTL_FAST_MATH = YES;
				ONLY_ACTIVE_ARCH = YES;
				SDKROOT = iphoneos;
				SWIFT_ACTIVE_COMPILATION_CONDITIONS = DEBUG;
				SWIFT_OPTIMIZATION_LEVEL = "-Onone";
			};
			name = Debug;
		};
		059ECB6E252D37A2006AAA8B /* Release */ = {
			isa = XCBuildConfiguration;
			buildSettings = {
				ALWAYS_SEARCH_USER_PATHS = NO;
				CLANG_ANALYZER_NONNULL = YES;
				CLANG_ANALYZER_NUMBER_OBJECT_CONVERSION = YES_AGGRESSIVE;
				CLANG_CXX_LANGUAGE_STANDARD = "gnu++14";
				CLANG_CXX_LIBRARY = "libc++";
				CLANG_ENABLE_MODULES = YES;
				CLANG_ENABLE_OBJC_ARC = YES;
				CLANG_ENABLE_OBJC_WEAK = YES;
				CLANG_WARN_BLOCK_CAPTURE_AUTORELEASING = YES;
				CLANG_WARN_BOOL_CONVERSION = YES;
				CLANG_WARN_COMMA = YES;
				CLANG_WARN_CONSTANT_CONVERSION = YES;
				CLANG_WARN_DEPRECATED_OBJC_IMPLEMENTATIONS = YES;
				CLANG_WARN_DIRECT_OBJC_ISA_USAGE = YES_ERROR;
				CLANG_WARN_DOCUMENTATION_COMMENTS = YES;
				CLANG_WARN_EMPTY_BODY = YES;
				CLANG_WARN_ENUM_CONVERSION = YES;
				CLANG_WARN_INFINITE_RECURSION = YES;
				CLANG_WARN_INT_CONVERSION = YES;
				CLANG_WARN_NON_LITERAL_NULL_CONVERSION = YES;
				CLANG_WARN_OBJC_IMPLICIT_RETAIN_SELF = YES;
				CLANG_WARN_OBJC_LITERAL_CONVERSION = YES;
				CLANG_WARN_OBJC_ROOT_CLASS = YES_ERROR;
				CLANG_WARN_RANGE_LOOP_ANALYSIS = YES;
				CLANG_WARN_STRICT_PROTOTYPES = YES;
				CLANG_WARN_SUSPICIOUS_MOVE = YES;
				CLANG_WARN_UNGUARDED_AVAILABILITY = YES_AGGRESSIVE;
				CLANG_WARN_UNREACHABLE_CODE = YES;
				CLANG_WARN__DUPLICATE_METHOD_MATCH = YES;
				COPY_PHASE_STRIP = NO;
				DEBUG_INFORMATION_FORMAT = "dwarf-with-dsym";
				ENABLE_NS_ASSERTIONS = NO;
				ENABLE_STRICT_OBJC_MSGSEND = YES;
				GCC_C_LANGUAGE_STANDARD = gnu11;
				GCC_NO_COMMON_BLOCKS = YES;
				GCC_WARN_64_TO_32_BIT_CONVERSION = YES;
				GCC_WARN_ABOUT_RETURN_TYPE = YES_ERROR;
				GCC_WARN_UNDECLARED_SELECTOR = YES;
				GCC_WARN_UNINITIALIZED_AUTOS = YES_AGGRESSIVE;
				GCC_WARN_UNUSED_FUNCTION = YES;
				GCC_WARN_UNUSED_VARIABLE = YES;
				IPHONEOS_DEPLOYMENT_TARGET = 13.7;
				MTL_ENABLE_DEBUG_INFO = NO;
				MTL_FAST_MATH = YES;
				SDKROOT = iphoneos;
				SWIFT_COMPILATION_MODE = wholemodule;
				SWIFT_OPTIMIZATION_LEVEL = "-O";
				VALIDATE_PRODUCT = YES;
			};
			name = Release;
		};
		059ECB70252D37A2006AAA8B /* Debug */ = {
			isa = XCBuildConfiguration;
			buildSettings = {
				ASSETCATALOG_COMPILER_APPICON_NAME = AppIcon;
				CODE_SIGN_STYLE = Automatic;
				INFOPLIST_FILE = A01194199_MR2/Info.plist;
				LD_RUNPATH_SEARCH_PATHS = (
					"$(inherited)",
					"@executable_path/Frameworks",
				);
				PRODUCT_BUNDLE_IDENTIFIER = "ITESM.A01194199-MR2";
				PRODUCT_NAME = "$(TARGET_NAME)";
				SWIFT_VERSION = 5.0;
				TARGETED_DEVICE_FAMILY = "1,2";
			};
			name = Debug;
		};
		059ECB71252D37A2006AAA8B /* Release */ = {
			isa = XCBuildConfiguration;
			buildSettings = {
				ASSETCATALOG_COMPILER_APPICON_NAME = AppIcon;
				CODE_SIGN_STYLE = Automatic;
				INFOPLIST_FILE = A01194199_MR2/Info.plist;
				LD_RUNPATH_SEARCH_PATHS = (
					"$(inherited)",
					"@executable_path/Frameworks",
				);
				PRODUCT_BUNDLE_IDENTIFIER = "ITESM.A01194199-MR2";
				PRODUCT_NAME = "$(TARGET_NAME)";
				SWIFT_VERSION = 5.0;
				TARGETED_DEVICE_FAMILY = "1,2";
			};
			name = Release;
		};
/* End XCBuildConfiguration section */

/* Begin XCConfigurationList section */
		059ECB56252D37A1006AAA8B /* Build configuration list for PBXProject "A01194199_MR2" */ = {
			isa = XCConfigurationList;
			buildConfigurations = (
				059ECB6D252D37A2006AAA8B /* Debug */,
				059ECB6E252D37A2006AAA8B /* Release */,
			);
			defaultConfigurationIsVisible = 0;
			defaultConfigurationName = Release;
		};
		059ECB6F252D37A2006AAA8B /* Build configuration list for PBXNativeTarget "A01194199_MR2" */ = {
			isa = XCConfigurationList;
			buildConfigurations = (
				059ECB70252D37A2006AAA8B /* Debug */,
				059ECB71252D37A2006AAA8B /* Release */,
			);
			defaultConfigurationIsVisible = 0;
			defaultConfigurationName = Release;
		};
/* End XCConfigurationList section */
	};
	rootObject = 059ECB53252D37A1006AAA8B /* Project object */;
}
